
Microsoft Visual Studio Solution File, Format Version 12.00
# Visual Studio Version 17
VisualStudioVersion = 17.0.31903.59
MinimumVisualStudioVersion = 10.0.40219.1
Project("{2150E333-8FDC-42A3-9474-1A3956D46DE8}") = "src", "src", "{827E0CD3-B72D-47B6-A68D-7590B98EB39B}"
EndProject
Project("{FAE04EC0-301F-11D3-BF4B-00C04F79EFBC}") = "DarkestDungeon.Api", "src\DarkestDungeon.Api\DarkestDungeon.Api.csproj", "{6B2B1F1B-3B47-4809-AC6E-F35AA8C051ED}"
EndProject
Project("{FAE04EC0-301F-11D3-BF4B-00C04F79EFBC}") = "DarkestDungeon.Application", "src\DarkestDungeon.Application\DarkestDungeon.Application.csproj", "{DD1A3BEF-5F11-4D37-8924-F65C1A8F1057}"
EndProject
Project("{FAE04EC0-301F-11D3-BF4B-00C04F79EFBC}") = "DarkestDungeon.Domain", "src\DarkestDungeon.Domain\DarkestDungeon.Domain.csproj", "{D89580DC-8A8E-4B4A-A0C0-1DFDB1DF016B}"
EndProject
Project("{FAE04EC0-301F-11D3-BF4B-00C04F79EFBC}") = "DarkestDungeon.Infrastructure", "src\DarkestDungeon.Infrastructure\DarkestDungeon.Infrastructure.csproj", "{5FD973FE-7D0B-404B-B1E0-7375FB777A33}"
EndProject
Project("{2150E333-8FDC-42A3-9474-1A3956D46DE8}") = "tests", "tests", "{0AB3BF05-4346-4AA6-1389-037BE0695223}"
EndProject
Project("{FAE04EC0-301F-11D3-BF4B-00C04F79EFBC}") = "DarkestDungeon.Api.Tests", "tests\DarkestDungeon.Api.Tests\DarkestDungeon.Api.Tests.csproj", "{3AA22D01-841A-477B-B852-D7463EEDFFD4}"
EndProject
Project("{FAE04EC0-301F-11D3-BF4B-00C04F79EFBC}") = "DarkestDungeon.Architecture.Tests", "tests\DarkestDungeon.Architecture.Tests\DarkestDungeon.Architecture.Tests.csproj", "{3F39EB79-B345-4D78-8AE3-B09E554DDFF9}"
EndProject
Project("{FAE04EC0-301F-11D3-BF4B-00C04F79EFBC}") = "DarkestDungeon.Domain.Tests", "tests\DarkestDungeon.Domain.Tests\DarkestDungeon.Domain.Tests.csproj", "{9ADAE423-300C-40F9-9C4B-6F7ABF1C4BE8}"
EndProject
Project("{2150E333-8FDC-42A3-9474-1A3956D46DE8}") = "tools", "tools", "{07C2787E-EAC7-C090-1BA3-A61EC2A24D84}"
EndProject
Project("{FAE04EC0-301F-11D3-BF4B-00C04F79EFBC}") = "DarkestDungeon.MediaCollector", "tools\DarkestDungeon.MediaCollector\DarkestDungeon.MediaCollector.csproj", "{C99150D3-3F18-4C7E-8F16-4C6A5229CE77}"
EndProject
Project("{FAE04EC0-301F-11D3-BF4B-00C04F79EFBC}") = "DarkestDungeon.WikiCatalogCollector", "tools\DarkestDungeon.WikiCatalogCollector\DarkestDungeon.WikiCatalogCollector.csproj", "{9173C5F0-D75A-42A4-ACF0-EF46BBCBF1E1}"
EndProject
Global
	GlobalSection(SolutionConfigurationPlatforms) = preSolution
		Debug|Any CPU = Debug|Any CPU
		Debug|x64 = Debug|x64
		Debug|x86 = Debug|x86
		Release|Any CPU = Release|Any CPU
		Release|x64 = Release|x64
		Release|x86 = Release|x86
	EndGlobalSection
	GlobalSection(ProjectConfigurationPlatforms) = postSolution
		{6B2B1F1B-3B47-4809-AC6E-F35AA8C051ED}.Debug|Any CPU.ActiveCfg = Debug|Any CPU
		{6B2B1F1B-3B47-4809-AC6E-F35AA8C051ED}.Debug|Any CPU.Build.0 = Debug|Any CPU
		{6B2B1F1B-3B47-4809-AC6E-F35AA8C051ED}.Debug|x64.ActiveCfg = Debug|Any CPU
		{6B2B1F1B-3B47-4809-AC6E-F35AA8C051ED}.Debug|x64.Build.0 = Debug|Any CPU
		{6B2B1F1B-3B47-4809-AC6E-F35AA8C051ED}.Debug|x86.ActiveCfg = Debug|Any CPU
		{6B2B1F1B-3B47-4809-AC6E-F35AA8C051ED}.Debug|x86.Build.0 = Debug|Any CPU
		{6B2B1F1B-3B47-4809-AC6E-F35AA8C051ED}.Release|Any CPU.ActiveCfg = Release|Any CPU
		{6B2B1F1B-3B47-4809-AC6E-F35AA8C051ED}.Release|Any CPU.Build.0 = Release|Any CPU
		{6B2B1F1B-3B47-4809-AC6E-F35AA8C051ED}.Release|x64.ActiveCfg = Release|Any CPU
		{6B2B1F1B-3B47-4809-AC6E-F35AA8C051ED}.Release|x64.Build.0 = Release|Any CPU
		{6B2B1F1B-3B47-4809-AC6E-F35AA8C051ED}.Release|x86.ActiveCfg = Release|Any CPU
		{6B2B1F1B-3B47-4809-AC6E-F35AA8C051ED}.Release|x86.Build.0 = Release|Any CPU
		{DD1A3BEF-5F11-4D37-8924-F65C1A8F1057}.Debug|Any CPU.ActiveCfg = Debug|Any CPU
		{DD1A3BEF-5F11-4D37-8924-F65C1A8F1057}.Debug|Any CPU.Build.0 = Debug|Any CPU
		{DD1A3BEF-5F11-4D37-8924-F65C1A8F1057}.Debug|x64.ActiveCfg = Debug|Any CPU
		{DD1A3BEF-5F11-4D37-8924-F65C1A8F1057}.Debug|x64.Build.0 = Debug|Any CPU
		{DD1A3BEF-5F11-4D37-8924-F65C1A8F1057}.Debug|x86.ActiveCfg = Debug|Any CPU
		{DD1A3BEF-5F11-4D37-8924-F65C1A8F1057}.Debug|x86.Build.0 = Debug|Any CPU
		{DD1A3BEF-5F11-4D37-8924-F65C1A8F1057}.Release|Any CPU.ActiveCfg = Release|Any CPU
		{DD1A3BEF-5F11-4D37-8924-F65C1A8F1057}.Release|Any CPU.Build.0 = Release|Any CPU
		{DD1A3BEF-5F11-4D37-8924-F65C1A8F1057}.Release|x64.ActiveCfg = Release|Any CPU
		{DD1A3BEF-5F11-4D37-8924-F65C1A8F1057}.Release|x64.Build.0 = Release|Any CPU
		{DD1A3BEF-5F11-4D37-8924-F65C1A8F1057}.Release|x86.ActiveCfg = Release|Any CPU
		{DD1A3BEF-5F11-4D37-8924-F65C1A8F1057}.Release|x86.Build.0 = Release|Any CPU
		{D89580DC-8A8E-4B4A-A0C0-1DFDB1DF016B}.Debug|Any CPU.ActiveCfg = Debug|Any CPU
		{D89580DC-8A8E-4B4A-A0C0-1DFDB1DF016B}.Debug|Any CPU.Build.0 = Debug|Any CPU
		{D89580DC-8A8E-4B4A-A0C0-1DFDB1DF016B}.Debug|x64.ActiveCfg = Debug|Any CPU
		{D89580DC-8A8E-4B4A-A0C0-1DFDB1DF016B}.Debug|x64.Build.0 = Debug|Any CPU
		{D89580DC-8A8E-4B4A-A0C0-1DFDB1DF016B}.Debug|x86.ActiveCfg = Debug|Any CPU
		{D89580DC-8A8E-4B4A-A0C0-1DFDB1DF016B}.Debug|x86.Build.0 = Debug|Any CPU
		{D89580DC-8A8E-4B4A-A0C0-1DFDB1DF016B}.Release|Any CPU.ActiveCfg = Release|Any CPU
		{D89580DC-8A8E-4B4A-A0C0-1DFDB1DF016B}.Release|Any CPU.Build.0 = Release|Any CPU
		{D89580DC-8A8E-4B4A-A0C0-1DFDB1DF016B}.Release|x64.ActiveCfg = Release|Any CPU
		{D89580DC-8A8E-4B4A-A0C0-1DFDB1DF016B}.Release|x64.Build.0 = Release|Any CPU
		{D89580DC-8A8E-4B4A-A0C0-1DFDB1DF016B}.Release|x86.ActiveCfg = Release|Any CPU
		{D89580DC-8A8E-4B4A-A0C0-1DFDB1DF016B}.Release|x86.Build.0 = Release|Any CPU
		{5FD973FE-7D0B-404B-B1E0-7375FB777A33}.Debug|Any CPU.ActiveCfg = Debug|Any CPU
		{5FD973FE-7D0B-404B-B1E0-7375FB777A33}.Debug|Any CPU.Build.0 = Debug|Any CPU
		{5FD973FE-7D0B-404B-B1E0-7375FB777A33}.Debug|x64.ActiveCfg = Debug|Any CPU
		{5FD973FE-7D0B-404B-B1E0-7375FB777A33}.Debug|x64.Build.0 = Debug|Any CPU
		{5FD973FE-7D0B-404B-B1E0-7375FB777A33}.Debug|x86.ActiveCfg = Debug|Any CPU
		{5FD973FE-7D0B-404B-B1E0-7375FB777A33}.Debug|x86.Build.0 = Debug|Any CPU
		{5FD973FE-7D0B-404B-B1E0-7375FB777A33}.Release|Any CPU.ActiveCfg = Release|Any CPU
		{5FD973FE-7D0B-404B-B1E0-7375FB777A33}.Release|Any CPU.Build.0 = Release|Any CPU
		{5FD973FE-7D0B-404B-B1E0-7375FB777A33}.Release|x64.ActiveCfg = Release|Any CPU
		{5FD973FE-7D0B-404B-B1E0-7375FB777A33}.Release|x64.Build.0 = Release|Any CPU
		{5FD973FE-7D0B-404B-B1E0-7375FB777A33}.Release|x86.ActiveCfg = Release|Any CPU
		{5FD973FE-7D0B-404B-B1E0-7375FB777A33}.Release|x86.Build.0 = Release|Any CPU
		{3AA22D01-841A-477B-B852-D7463EEDFFD4}.Debug|Any CPU.ActiveCfg = Debug|Any CPU
		{3AA22D01-841A-477B-B852-D7463EEDFFD4}.Debug|Any CPU.Build.0 = Debug|Any CPU
		{3AA22D01-841A-477B-B852-D7463EEDFFD4}.Debug|x64.ActiveCfg = Debug|Any CPU
		{3AA22D01-841A-477B-B852-D7463EEDFFD4}.Debug|x64.Build.0 = Debug|Any CPU
		{3AA22D01-841A-477B-B852-D7463EEDFFD4}.Debug|x86.ActiveCfg = Debug|Any CPU
		{3AA22D01-841A-477B-B852-D7463EEDFFD4}.Debug|x86.Build.0 = Debug|Any CPU
		{3AA22D01-841A-477B-B852-D7463EEDFFD4}.Release|Any CPU.ActiveCfg = Release|Any CPU
		{3AA22D01-841A-477B-B852-D7463EEDFFD4}.Release|Any CPU.Build.0 = Release|Any CPU
		{3AA22D01-841A-477B-B852-D7463EEDFFD4}.Release|x64.ActiveCfg = Release|Any CPU
		{3AA22D01-841A-477B-B852-D7463EEDFFD4}.Release|x64.Build.0 = Release|Any CPU
		{3AA22D01-841A-477B-B852-D7463EEDFFD4}.Release|x86.ActiveCfg = Release|Any CPU
		{3AA22D01-841A-477B-B852-D7463EEDFFD4}.Release|x86.Build.0 = Release|Any CPU
		{3F39EB79-B345-4D78-8AE3-B09E554DDFF9}.Debug|Any CPU.ActiveCfg = Debug|Any CPU
		{3F39EB79-B345-4D78-8AE3-B09E554DDFF9}.Debug|Any CPU.Build.0 = Debug|Any CPU
		{3F39EB79-B345-4D78-8AE3-B09E554DDFF9}.Debug|x64.ActiveCfg = Debug|Any CPU
		{3F39EB79-B345-4D78-8AE3-B09E554DDFF9}.Debug|x64.Build.0 = Debug|Any CPU
		{3F39EB79-B345-4D78-8AE3-B09E554DDFF9}.Debug|x86.ActiveCfg = Debug|Any CPU
		{3F39EB79-B345-4D78-8AE3-B09E554DDFF9}.Debug|x86.Build.0 = Debug|Any CPU
		{3F39EB79-B345-4D78-8AE3-B09E554DDFF9}.Release|Any CPU.ActiveCfg = Release|Any CPU
		{3F39EB79-B345-4D78-8AE3-B09E554DDFF9}.Release|Any CPU.Build.0 = Release|Any CPU
		{3F39EB79-B345-4D78-8AE3-B09E554DDFF9}.Release|x64.ActiveCfg = Release|Any CPU
		{3F39EB79-B345-4D78-8AE3-B09E554DDFF9}.Release|x64.Build.0 = Release|Any CPU
		{3F39EB79-B345-4D78-8AE3-B09E554DDFF9}.Release|x86.ActiveCfg = Release|Any CPU
		{3F39EB79-B345-4D78-8AE3-B09E554DDFF9}.Release|x86.Build.0 = Release|Any CPU
		{9ADAE423-300C-40F9-9C4B-6F7ABF1C4BE8}.Debug|Any CPU.ActiveCfg = Debug|Any CPU
		{9ADAE423-300C-40F9-9C4B-6F7ABF1C4BE8}.Debug|Any CPU.Build.0 = Debug|Any CPU
		{9ADAE423-300C-40F9-9C4B-6F7ABF1C4BE8}.Debug|x64.ActiveCfg = Debug|Any CPU
		{9ADAE423-300C-40F9-9C4B-6F7ABF1C4BE8}.Debug|x64.Build.0 = Debug|Any CPU
		{9ADAE423-300C-40F9-9C4B-6F7ABF1C4BE8}.Debug|x86.ActiveCfg = Debug|Any CPU
		{9ADAE423-300C-40F9-9C4B-6F7ABF1C4BE8}.Debug|x86.Build.0 = Debug|Any CPU
		{9ADAE423-300C-40F9-9C4B-6F7ABF1C4BE8}.Release|Any CPU.ActiveCfg = Release|Any CPU
		{9ADAE423-300C-40F9-9C4B-6F7ABF1C4BE8}.Release|Any CPU.Build.0 = Release|Any CPU
		{9ADAE423-300C-40F9-9C4B-6F7ABF1C4BE8}.Release|x64.ActiveCfg = Release|Any CPU
		{9ADAE423-300C-40F9-9C4B-6F7ABF1C4BE8}.Release|x64.Build.0 = Release|Any CPU
		{9ADAE423-300C-40F9-9C4B-6F7ABF1C4BE8}.Release|x86.ActiveCfg = Release|Any CPU
		{9ADAE423-300C-40F9-9C4B-6F7ABF1C4BE8}.Release|x86.Build.0 = Release|Any CPU
		{C99150D3-3F18-4C7E-8F16-4C6A5229CE77}.Debug|Any CPU.ActiveCfg = Debug|Any CPU
		{C99150D3-3F18-4C7E-8F16-4C6A5229CE77}.Debug|Any CPU.Build.0 = Debug|Any CPU
		{C99150D3-3F18-4C7E-8F16-4C6A5229CE77}.Debug|x64.ActiveCfg = Debug|Any CPU
		{C99150D3-3F18-4C7E-8F16-4C6A5229CE77}.Debug|x64.Build.0 = Debug|Any CPU
		{C99150D3-3F18-4C7E-8F16-4C6A5229CE77}.Debug|x86.ActiveCfg = Debug|Any CPU
		{C99150D3-3F18-4C7E-8F16-4C6A5229CE77}.Debug|x86.Build.0 = Debug|Any CPU
		{C99150D3-3F18-4C7E-8F16-4C6A5229CE77}.Release|Any CPU.ActiveCfg = Release|Any CPU
		{C99150D3-3F18-4C7E-8F16-4C6A5229CE77}.Release|Any CPU.Build.0 = Release|Any CPU
		{C99150D3-3F18-4C7E-8F16-4C6A5229CE77}.Release|x64.ActiveCfg = Release|Any CPU
		{C99150D3-3F18-4C7E-8F16-4C6A5229CE77}.Release|x64.Build.0 = Release|Any CPU
		{C99150D3-3F18-4C7E-8F16-4C6A5229CE77}.Release|x86.ActiveCfg = Release|Any CPU
		{C99150D3-3F18-4C7E-8F16-4C6A5229CE77}.Release|x86.Build.0 = Release|Any CPU
		{9173C5F0-D75A-42A4-ACF0-EF46BBCBF1E1}.Debug|Any CPU.ActiveCfg = Debug|Any CPU
		{9173C5F0-D75A-42A4-ACF0-EF46BBCBF1E1}.Debug|Any CPU.Build.0 = Debug|Any CPU
		{9173C5F0-D75A-42A4-ACF0-EF46BBCBF1E1}.Debug|x64.ActiveCfg = Debug|Any CPU
		{9173C5F0-D75A-42A4-ACF0-EF46BBCBF1E1}.Debug|x64.Build.0 = Debug|Any CPU
		{9173C5F0-D75A-42A4-ACF0-EF46BBCBF1E1}.Debug|x86.ActiveCfg = Debug|Any CPU
		{9173C5F0-D75A-42A4-ACF0-EF46BBCBF1E1}.Debug|x86.Build.0 = Debug|Any CPU
		{9173C5F0-D75A-42A4-ACF0-EF46BBCBF1E1}.Release|Any CPU.ActiveCfg = Release|Any CPU
		{9173C5F0-D75A-42A4-ACF0-EF46BBCBF1E1}.Release|Any CPU.Build.0 = Release|Any CPU
		{9173C5F0-D75A-42A4-ACF0-EF46BBCBF1E1}.Release|x64.ActiveCfg = Release|Any CPU
		{9173C5F0-D75A-42A4-ACF0-EF46BBCBF1E1}.Release|x64.Build.0 = Release|Any CPU
		{9173C5F0-D75A-42A4-ACF0-EF46BBCBF1E1}.Release|x86.ActiveCfg = Release|Any CPU
		{9173C5F0-D75A-42A4-ACF0-EF46BBCBF1E1}.Release|x86.Build.0 = Release|Any CPU
	EndGlobalSection
	GlobalSection(SolutionProperties) = preSolution
		HideSolutionNode = FALSE
	EndGlobalSection
	GlobalSection(NestedProjects) = preSolution
		{6B2B1F1B-3B47-4809-AC6E-F35AA8C051ED} = {827E0CD3-B72D-47B6-A68D-7590B98EB39B}
		{DD1A3BEF-5F11-4D37-8924-F65C1A8F1057} = {827E0CD3-B72D-47B6-A68D-7590B98EB39B}
		{D89580DC-8A8E-4B4A-A0C0-1DFDB1DF016B} = {827E0CD3-B72D-47B6-A68D-7590B98EB39B}
		{5FD973FE-7D0B-404B-B1E0-7375FB777A33} = {827E0CD3-B72D-47B6-A68D-7590B98EB39B}
		{3AA22D01-841A-477B-B852-D7463EEDFFD4} = {0AB3BF05-4346-4AA6-1389-037BE0695223}
		{3F39EB79-B345-4D78-8AE3-B09E554DDFF9} = {0AB3BF05-4346-4AA6-1389-037BE0695223}
		{9ADAE423-300C-40F9-9C4B-6F7ABF1C4BE8} = {0AB3BF05-4346-4AA6-1389-037BE0695223}
		{C99150D3-3F18-4C7E-8F16-4C6A5229CE77} = {07C2787E-EAC7-C090-1BA3-A61EC2A24D84}
		{9173C5F0-D75A-42A4-ACF0-EF46BBCBF1E1} = {07C2787E-EAC7-C090-1BA3-A61EC2A24D84}
	EndGlobalSection
EndGlobal
